
Microsoft Visual Studio Solution File, Format Version 12.00
# Visual Studio 15
VisualStudioVersion = 15.0.27703.2035
MinimumVisualStudioVersion = 10.0.40219.1
Project("{9A19103F-16F7-4668-BE54-9A1E7A4F7556}") = "AggregateMailService", "AggregateMailService\AggregateMailService.csproj", "{052805FB-7245-422F-8847-91EA23AE2100}"
EndProject
Project("{9A19103F-16F7-4668-BE54-9A1E7A4F7556}") = "EnqueueMail", "EnqueueMail\EnqueueMail.csproj", "{6256F4DA-5E62-4792-8898-82C203A0AC50}"
EndProject
Global
	GlobalSection(SolutionConfigurationPlatforms) = preSolution
		Debug|Any CPU = Debug|Any CPU
		Release|Any CPU = Release|Any CPU
	EndGlobalSection
	GlobalSection(ProjectConfigurationPlatforms) = postSolution
		{052805FB-7245-422F-8847-91EA23AE2100}.Debug|Any CPU.ActiveCfg = Debug|Any CPU
		{052805FB-7245-422F-8847-91EA23AE2100}.Debug|Any CPU.Build.0 = Debug|Any CPU
		{052805FB-7245-422F-8847-91EA23AE2100}.Release|Any CPU.ActiveCfg = Release|Any CPU
		{052805FB-7245-422F-8847-91EA23AE2100}.Release|Any CPU.Build.0 = Release|Any CPU
		{6256F4DA-5E62-4792-8898-82C203A0AC50}.Debug|Any CPU.ActiveCfg = Debug|Any CPU
		{6256F4DA-5E62-4792-8898-82C203A0AC50}.Debug|Any CPU.Build.0 = Debug|Any CPU
		{6256F4DA-5E62-4792-8898-82C203A0AC50}.Release|Any CPU.ActiveCfg = Release|Any CPU
		{6256F4DA-5E62-4792-8898-82C203A0AC50}.Release|Any CPU.Build.0 = Release|Any CPU
	EndGlobalSection
	GlobalSection(SolutionProperties) = preSolution
		HideSolutionNode = FALSE
	EndGlobalSection
	GlobalSection(ExtensibilityGlobals) = postSolution
		SolutionGuid = {CE0D79C7-125D-4F08-8793-0F379409A00E}
	EndGlobalSection
EndGlobal
